
Microsoft Visual Studio Solution File, Format Version 12.00
# Visual Studio Version 16
VisualStudioVersion = 16.0.30907.101
MinimumVisualStudioVersion = 10.0.40219.1
Project("{2150E333-8FDC-42A3-9474-1A3956D46DE8}") = "src", "src", "{2389FB54-570F-4BDD-87C9-AFD6621DE982}"
EndProject
Project("{2150E333-8FDC-42A3-9474-1A3956D46DE8}") = "1-Services", "1-Services", "{6A729562-4AF8-472E-91D7-D08F793C6B5D}"
EndProject
Project("{2150E333-8FDC-42A3-9474-1A3956D46DE8}") = "2-Application", "2-Application", "{46FD1809-9A44-4DDB-AAB4-0ED294C637E7}"
EndProject
Project("{2150E333-8FDC-42A3-9474-1A3956D46DE8}") = "3-Domain", "3-Domain", "{A33611E5-8510-494C-9B90-ABE44F150C53}"
EndProject
Project("{2150E333-8FDC-42A3-9474-1A3956D46DE8}") = "4-Infrastructure", "4-Infrastructure", "{60B25621-061F-4F86-8B35-529EF5B61D04}"
EndProject
Project("{2150E333-8FDC-42A3-9474-1A3956D46DE8}") = "tests", "tests", "{9D95A210-1BD6-4CDD-BE87-C120D98A9C8B}"
EndProject
Project("{9A19103F-16F7-4668-BE54-9A1E7A4F7556}") = "ECommerce.Infra.Data", "src\ECommerce.Infra.Data\ECommerce.Infra.Data.csproj", "{BDD15AEE-0426-4C60-90FA-886F1240B763}"
EndProject
Project("{9A19103F-16F7-4668-BE54-9A1E7A4F7556}") = "ECommerce.Domain", "src\ECommerce.Domain\ECommerce.Domain.csproj", "{B52C1A22-DF51-488B-B0C5-70D9E9229E4A}"
EndProject
Project("{9A19103F-16F7-4668-BE54-9A1E7A4F7556}") = "ECommerce.Domain.Core", "src\ECommerce.Domain.Core\ECommerce.Domain.Core.csproj", "{A01BE2D3-95A3-4239-8301-F1F83898BA67}"
EndProject
Project("{9A19103F-16F7-4668-BE54-9A1E7A4F7556}") = "ECommerce.Infra.CrossCutting.IoC", "src\ECommerce.Infra.CrossCutting.IoC\ECommerce.Infra.CrossCutting.IoC.csproj", "{B5997408-78F6-4C1F-B470-BB1EE21F5634}"
EndProject
Project("{9A19103F-16F7-4668-BE54-9A1E7A4F7556}") = "ECommerce.Application", "src\ECommerce.Application\ECommerce.Application.csproj", "{B3FDEAC2-084E-4F61-AB97-01AD801D47F7}"
EndProject
Project("{9A19103F-16F7-4668-BE54-9A1E7A4F7556}") = "ECommerce.Infra.CrossCutting.Bus", "src\ECommerce.Infra.CrossCutting.Bus\ECommerce.Infra.CrossCutting.Bus.csproj", "{ACF88962-4D56-424C-B376-033EA0AE48C0}"
EndProject
Project("{9A19103F-16F7-4668-BE54-9A1E7A4F7556}") = "ECommerce.Infra.CrossCutting.Identity", "src\ECommerce.Infra.CrossCutting.Identity\ECommerce.Infra.CrossCutting.Identity.csproj", "{0E9BAC8E-46BF-48FC-9BB2-E626CCF25285}"
EndProject
Project("{FAE04EC0-301F-11D3-BF4B-00C04F79EFBC}") = "ECommerce.Services.Api", "src\ECommerce.Services.Api\ECommerce.Services.Api.csproj", "{9722205E-254A-419F-BF36-190E9873F67F}"
EndProject
Project("{FAE04EC0-301F-11D3-BF4B-00C04F79EFBC}") = "ECommerce.Application.UnitTests", "tests\ECommerce.Application.UnitTests\ECommerce.Application.UnitTests.csproj", "{B8DC96A9-15EB-43FE-A247-CABBAF709247}"
EndProject
Project("{FAE04EC0-301F-11D3-BF4B-00C04F79EFBC}") = "ECommerce.Services.Api.IntegrationTests", "tests\ECommerce.Services.Api.IntegrationTests\ECommerce.Services.Api.IntegrationTests.csproj", "{3F8C0DA2-C06E-4446-88E7-2814AF868936}"
EndProject
Project("{2150E333-8FDC-42A3-9474-1A3956D46DE8}") = "sample", "sample", "{9C46F9BF-E0F0-40D0-9E72-A9A23F300A20}"
EndProject
Project("{FAE04EC0-301F-11D3-BF4B-00C04F79EFBC}") = "ECommerce.Sample.ConsoleClient", "sample\ECommerce.Sample.ConsoleClient\ECommerce.Sample.ConsoleClient.csproj", "{3563EFFE-6704-42A3-928D-354ED9852371}"
EndProject
Global
	GlobalSection(SolutionConfigurationPlatforms) = preSolution
		Debug|Any CPU = Debug|Any CPU
		Release|Any CPU = Release|Any CPU
	EndGlobalSection
	GlobalSection(ProjectConfigurationPlatforms) = postSolution
		{BDD15AEE-0426-4C60-90FA-886F1240B763}.Debug|Any CPU.ActiveCfg = Debug|Any CPU
		{BDD15AEE-0426-4C60-90FA-886F1240B763}.Debug|Any CPU.Build.0 = Debug|Any CPU
		{BDD15AEE-0426-4C60-90FA-886F1240B763}.Release|Any CPU.ActiveCfg = Release|Any CPU
		{BDD15AEE-0426-4C60-90FA-886F1240B763}.Release|Any CPU.Build.0 = Release|Any CPU
		{B52C1A22-DF51-488B-B0C5-70D9E9229E4A}.Debug|Any CPU.ActiveCfg = Debug|Any CPU
		{B52C1A22-DF51-488B-B0C5-70D9E9229E4A}.Debug|Any CPU.Build.0 = Debug|Any CPU
		{B52C1A22-DF51-488B-B0C5-70D9E9229E4A}.Release|Any CPU.ActiveCfg = Release|Any CPU
		{B52C1A22-DF51-488B-B0C5-70D9E9229E4A}.Release|Any CPU.Build.0 = Release|Any CPU
		{A01BE2D3-95A3-4239-8301-F1F83898BA67}.Debug|Any CPU.ActiveCfg = Debug|Any CPU
		{A01BE2D3-95A3-4239-8301-F1F83898BA67}.Debug|Any CPU.Build.0 = Debug|Any CPU
		{A01BE2D3-95A3-4239-8301-F1F83898BA67}.Release|Any CPU.ActiveCfg = Release|Any CPU
		{A01BE2D3-95A3-4239-8301-F1F83898BA67}.Release|Any CPU.Build.0 = Release|Any CPU
		{B5997408-78F6-4C1F-B470-BB1EE21F5634}.Debug|Any CPU.ActiveCfg = Debug|Any CPU
		{B5997408-78F6-4C1F-B470-BB1EE21F5634}.Debug|Any CPU.Build.0 = Debug|Any CPU
		{B5997408-78F6-4C1F-B470-BB1EE21F5634}.Release|Any CPU.ActiveCfg = Release|Any CPU
		{B5997408-78F6-4C1F-B470-BB1EE21F5634}.Release|Any CPU.Build.0 = Release|Any CPU
		{B3FDEAC2-084E-4F61-AB97-01AD801D47F7}.Debug|Any CPU.ActiveCfg = Debug|Any CPU
		{B3FDEAC2-084E-4F61-AB97-01AD801D47F7}.Debug|Any CPU.Build.0 = Debug|Any CPU
		{B3FDEAC2-084E-4F61-AB97-01AD801D47F7}.Release|Any CPU.ActiveCfg = Release|Any CPU
		{B3FDEAC2-084E-4F61-AB97-01AD801D47F7}.Release|Any CPU.Build.0 = Release|Any CPU
		{ACF88962-4D56-424C-B376-033EA0AE48C0}.Debug|Any CPU.ActiveCfg = Debug|Any CPU
		{ACF88962-4D56-424C-B376-033EA0AE48C0}.Debug|Any CPU.Build.0 = Debug|Any CPU
		{ACF88962-4D56-424C-B376-033EA0AE48C0}.Release|Any CPU.ActiveCfg = Release|Any CPU
		{ACF88962-4D56-424C-B376-033EA0AE48C0}.Release|Any CPU.Build.0 = Release|Any CPU
		{0E9BAC8E-46BF-48FC-9BB2-E626CCF25285}.Debug|Any CPU.ActiveCfg = Debug|Any CPU
		{0E9BAC8E-46BF-48FC-9BB2-E626CCF25285}.Debug|Any CPU.Build.0 = Debug|Any CPU
		{0E9BAC8E-46BF-48FC-9BB2-E626CCF25285}.Release|Any CPU.ActiveCfg = Release|Any CPU
		{0E9BAC8E-46BF-48FC-9BB2-E626CCF25285}.Release|Any CPU.Build.0 = Release|Any CPU
		{9722205E-254A-419F-BF36-190E9873F67F}.Debug|Any CPU.ActiveCfg = Debug|Any CPU
		{9722205E-254A-419F-BF36-190E9873F67F}.Debug|Any CPU.Build.0 = Debug|Any CPU
		{9722205E-254A-419F-BF36-190E9873F67F}.Release|Any CPU.ActiveCfg = Release|Any CPU
		{9722205E-254A-419F-BF36-190E9873F67F}.Release|Any CPU.Build.0 = Release|Any CPU
		{B8DC96A9-15EB-43FE-A247-CABBAF709247}.Debug|Any CPU.ActiveCfg = Debug|Any CPU
		{B8DC96A9-15EB-43FE-A247-CABBAF709247}.Debug|Any CPU.Build.0 = Debug|Any CPU
		{B8DC96A9-15EB-43FE-A247-CABBAF709247}.Release|Any CPU.ActiveCfg = Release|Any CPU
		{B8DC96A9-15EB-43FE-A247-CABBAF709247}.Release|Any CPU.Build.0 = Release|Any CPU
		{3F8C0DA2-C06E-4446-88E7-2814AF868936}.Debug|Any CPU.ActiveCfg = Debug|Any CPU
		{3F8C0DA2-C06E-4446-88E7-2814AF868936}.Debug|Any CPU.Build.0 = Debug|Any CPU
		{3F8C0DA2-C06E-4446-88E7-2814AF868936}.Release|Any CPU.ActiveCfg = Release|Any CPU
		{3F8C0DA2-C06E-4446-88E7-2814AF868936}.Release|Any CPU.Build.0 = Release|Any CPU
		{3563EFFE-6704-42A3-928D-354ED9852371}.Debug|Any CPU.ActiveCfg = Debug|Any CPU
		{3563EFFE-6704-42A3-928D-354ED9852371}.Debug|Any CPU.Build.0 = Debug|Any CPU
		{3563EFFE-6704-42A3-928D-354ED9852371}.Release|Any CPU.ActiveCfg = Release|Any CPU
		{3563EFFE-6704-42A3-928D-354ED9852371}.Release|Any CPU.Build.0 = Release|Any CPU
	EndGlobalSection
	GlobalSection(SolutionProperties) = preSolution
		HideSolutionNode = FALSE
	EndGlobalSection
	GlobalSection(NestedProjects) = preSolution
		{6A729562-4AF8-472E-91D7-D08F793C6B5D} = {2389FB54-570F-4BDD-87C9-AFD6621DE982}
		{46FD1809-9A44-4DDB-AAB4-0ED294C637E7} = {2389FB54-570F-4BDD-87C9-AFD6621DE982}
		{A33611E5-8510-494C-9B90-ABE44F150C53} = {2389FB54-570F-4BDD-87C9-AFD6621DE982}
		{60B25621-061F-4F86-8B35-529EF5B61D04} = {2389FB54-570F-4BDD-87C9-AFD6621DE982}
		{BDD15AEE-0426-4C60-90FA-886F1240B763} = {60B25621-061F-4F86-8B35-529EF5B61D04}
		{B52C1A22-DF51-488B-B0C5-70D9E9229E4A} = {A33611E5-8510-494C-9B90-ABE44F150C53}
		{A01BE2D3-95A3-4239-8301-F1F83898BA67} = {A33611E5-8510-494C-9B90-ABE44F150C53}
		{B5997408-78F6-4C1F-B470-BB1EE21F5634} = {60B25621-061F-4F86-8B35-529EF5B61D04}
		{B3FDEAC2-084E-4F61-AB97-01AD801D47F7} = {46FD1809-9A44-4DDB-AAB4-0ED294C637E7}
		{ACF88962-4D56-424C-B376-033EA0AE48C0} = {60B25621-061F-4F86-8B35-529EF5B61D04}
		{0E9BAC8E-46BF-48FC-9BB2-E626CCF25285} = {60B25621-061F-4F86-8B35-529EF5B61D04}
		{9722205E-254A-419F-BF36-190E9873F67F} = {6A729562-4AF8-472E-91D7-D08F793C6B5D}
		{B8DC96A9-15EB-43FE-A247-CABBAF709247} = {9D95A210-1BD6-4CDD-BE87-C120D98A9C8B}
		{3F8C0DA2-C06E-4446-88E7-2814AF868936} = {9D95A210-1BD6-4CDD-BE87-C120D98A9C8B}
		{3563EFFE-6704-42A3-928D-354ED9852371} = {9C46F9BF-E0F0-40D0-9E72-A9A23F300A20}
	EndGlobalSection
	GlobalSection(ExtensibilityGlobals) = postSolution
		SolutionGuid = {A05CCAA2-6017-40A6-A055-25975405A78C}
	EndGlobalSection
EndGlobal
